
Microsoft Visual Studio Solution File, Format Version 12.00
# Visual Studio Version 17
VisualStudioVersion = 17.9.34714.143
MinimumVisualStudioVersion = 10.0.40219.1
Project("{FAE04EC0-301F-11D3-BF4B-00C04F79EFBC}") = "VehicleManagement.API", "VehicleManagement.API\VehicleManagement.API.csproj", "{D95E6515-B556-4EDF-A6D5-4D6BF5086DD6}"
EndProject
Project("{FAE04EC0-301F-11D3-BF4B-00C04F79EFBC}") = "VehicleManagement.DomainModel", "VehicleManagement.DomainModel\VehicleManagement.DomainModel.csproj", "{4E7B6085-E78E-4A1F-9ED7-B0B484597366}"
EndProject
Project("{FAE04EC0-301F-11D3-BF4B-00C04F79EFBC}") = "VehicleManagement.DomainService", "VehicleManagement.DomainService\VehicleManagement.DomainService.csproj", "{96C0A3DC-558A-4880-BE0A-69E9625E790A}"
EndProject
Project("{FAE04EC0-301F-11D3-BF4B-00C04F79EFBC}") = "VehicleManagement.Infrastructure", "VehicleManagement.Infrastructure\VehicleManagement.Infrastructure.csproj", "{42733DFD-A216-4EE2-9A99-46C943D1D627}"
EndProject
Project("{FAE04EC0-301F-11D3-BF4B-00C04F79EFBC}") = "VehicleManagement.Application", "VehicleManagement.Application\VehicleManagement.Application.csproj", "{243C06CB-8377-4349-B089-C22D8155919A}"
EndProject
Project("{FAE04EC0-301F-11D3-BF4B-00C04F79EFBC}") = "VehicleManagement.Resources", "VehicleManagement.Resources\VehicleManagement.Resources.csproj", "{F1BD5C32-1AAC-46DC-B4A7-783CFEC10E56}"
EndProject
Project("{FAE04EC0-301F-11D3-BF4B-00C04F79EFBC}") = "TrackingCode", "TrackingCode\TrackingCode.csproj", "{B89F9EE5-C4F0-485B-8324-026B25D8D619}"
EndProject
Project("{9A19103F-16F7-4668-BE54-9A1E7A4F7556}") = "EFInheritance", "EFInheritance\EFInheritance.csproj", "{75957E36-2227-4835-A183-8EB8D852E3F9}"
EndProject
Project("{2150E333-8FDC-42A3-9474-1A3956D46DE8}") = "VehicleManagement", "VehicleManagement", "{535F2574-0AAB-4F54-A051-00A9FD547F3B}"
EndProject
Project("{9A19103F-16F7-4668-BE54-9A1E7A4F7556}") = "URLShortener", "URLShortener\URLShortener.csproj", "{A9ADDA59-2192-4C6F-AA51-1EBDED619B15}"
EndProject
Project("{9A19103F-16F7-4668-BE54-9A1E7A4F7556}") = "CarBlog", "CarBlog\CarBlog.csproj", "{146FDDEE-91E6-4FC2-A9FB-9B27E65CF41A}"
EndProject
Project("{2150E333-8FDC-42A3-9474-1A3956D46DE8}") = "Tests", "Tests", "{BEBB9985-0871-4DF6-A9D5-BA976C281A29}"
EndProject
Project("{FAE04EC0-301F-11D3-BF4B-00C04F79EFBC}") = "VehicleManagement.UnitTests", "VehicleManagement.UnitTests\VehicleManagement.UnitTests.csproj", "{BBB5B566-D2D3-4B71-BDF1-5041E8130D4A}"
EndProject
Project("{FAE04EC0-301F-11D3-BF4B-00C04F79EFBC}") = "VehicleManagement.IntegrationTests", "VehicleManagement.IntegrationTests\VehicleManagement.IntegrationTests.csproj", "{9141CE1D-0116-4599-A9AD-B6C5041D9A95}"
EndProject
Project("{FAE04EC0-301F-11D3-BF4B-00C04F79EFBC}") = "VehicleManagement.FunctionalTests", "VehicleManagement.FunctionalTests\VehicleManagement.FunctionalTests.csproj", "{B2956ED3-6BA9-4C77-AB77-2FBC7FAFBAD3}"
EndProject
Global
	GlobalSection(SolutionConfigurationPlatforms) = preSolution
		Debug|Any CPU = Debug|Any CPU
		Release|Any CPU = Release|Any CPU
	EndGlobalSection
	GlobalSection(ProjectConfigurationPlatforms) = postSolution
		{D95E6515-B556-4EDF-A6D5-4D6BF5086DD6}.Debug|Any CPU.ActiveCfg = Debug|Any CPU
		{D95E6515-B556-4EDF-A6D5-4D6BF5086DD6}.Debug|Any CPU.Build.0 = Debug|Any CPU
		{D95E6515-B556-4EDF-A6D5-4D6BF5086DD6}.Release|Any CPU.ActiveCfg = Release|Any CPU
		{D95E6515-B556-4EDF-A6D5-4D6BF5086DD6}.Release|Any CPU.Build.0 = Release|Any CPU
		{4E7B6085-E78E-4A1F-9ED7-B0B484597366}.Debug|Any CPU.ActiveCfg = Debug|Any CPU
		{4E7B6085-E78E-4A1F-9ED7-B0B484597366}.Debug|Any CPU.Build.0 = Debug|Any CPU
		{4E7B6085-E78E-4A1F-9ED7-B0B484597366}.Release|Any CPU.ActiveCfg = Release|Any CPU
		{4E7B6085-E78E-4A1F-9ED7-B0B484597366}.Release|Any CPU.Build.0 = Release|Any CPU
		{96C0A3DC-558A-4880-BE0A-69E9625E790A}.Debug|Any CPU.ActiveCfg = Debug|Any CPU
		{96C0A3DC-558A-4880-BE0A-69E9625E790A}.Debug|Any CPU.Build.0 = Debug|Any CPU
		{96C0A3DC-558A-4880-BE0A-69E9625E790A}.Release|Any CPU.ActiveCfg = Release|Any CPU
		{96C0A3DC-558A-4880-BE0A-69E9625E790A}.Release|Any CPU.Build.0 = Release|Any CPU
		{42733DFD-A216-4EE2-9A99-46C943D1D627}.Debug|Any CPU.ActiveCfg = Debug|Any CPU
		{42733DFD-A216-4EE2-9A99-46C943D1D627}.Debug|Any CPU.Build.0 = Debug|Any CPU
		{42733DFD-A216-4EE2-9A99-46C943D1D627}.Release|Any CPU.ActiveCfg = Release|Any CPU
		{42733DFD-A216-4EE2-9A99-46C943D1D627}.Release|Any CPU.Build.0 = Release|Any CPU
		{243C06CB-8377-4349-B089-C22D8155919A}.Debug|Any CPU.ActiveCfg = Debug|Any CPU
		{243C06CB-8377-4349-B089-C22D8155919A}.Debug|Any CPU.Build.0 = Debug|Any CPU
		{243C06CB-8377-4349-B089-C22D8155919A}.Release|Any CPU.ActiveCfg = Release|Any CPU
		{243C06CB-8377-4349-B089-C22D8155919A}.Release|Any CPU.Build.0 = Release|Any CPU
		{F1BD5C32-1AAC-46DC-B4A7-783CFEC10E56}.Debug|Any CPU.ActiveCfg = Debug|Any CPU
		{F1BD5C32-1AAC-46DC-B4A7-783CFEC10E56}.Debug|Any CPU.Build.0 = Debug|Any CPU
		{F1BD5C32-1AAC-46DC-B4A7-783CFEC10E56}.Release|Any CPU.ActiveCfg = Release|Any CPU
		{F1BD5C32-1AAC-46DC-B4A7-783CFEC10E56}.Release|Any CPU.Build.0 = Release|Any CPU
		{B89F9EE5-C4F0-485B-8324-026B25D8D619}.Debug|Any CPU.ActiveCfg = Debug|Any CPU
		{B89F9EE5-C4F0-485B-8324-026B25D8D619}.Debug|Any CPU.Build.0 = Debug|Any CPU
		{B89F9EE5-C4F0-485B-8324-026B25D8D619}.Release|Any CPU.ActiveCfg = Release|Any CPU
		{B89F9EE5-C4F0-485B-8324-026B25D8D619}.Release|Any CPU.Build.0 = Release|Any CPU
		{75957E36-2227-4835-A183-8EB8D852E3F9}.Debug|Any CPU.ActiveCfg = Debug|Any CPU
		{75957E36-2227-4835-A183-8EB8D852E3F9}.Debug|Any CPU.Build.0 = Debug|Any CPU
		{75957E36-2227-4835-A183-8EB8D852E3F9}.Release|Any CPU.ActiveCfg = Release|Any CPU
		{75957E36-2227-4835-A183-8EB8D852E3F9}.Release|Any CPU.Build.0 = Release|Any CPU
		{A9ADDA59-2192-4C6F-AA51-1EBDED619B15}.Debug|Any CPU.ActiveCfg = Debug|Any CPU
		{A9ADDA59-2192-4C6F-AA51-1EBDED619B15}.Debug|Any CPU.Build.0 = Debug|Any CPU
		{A9ADDA59-2192-4C6F-AA51-1EBDED619B15}.Release|Any CPU.ActiveCfg = Release|Any CPU
		{A9ADDA59-2192-4C6F-AA51-1EBDED619B15}.Release|Any CPU.Build.0 = Release|Any CPU
		{146FDDEE-91E6-4FC2-A9FB-9B27E65CF41A}.Debug|Any CPU.ActiveCfg = Debug|Any CPU
		{146FDDEE-91E6-4FC2-A9FB-9B27E65CF41A}.Debug|Any CPU.Build.0 = Debug|Any CPU
		{146FDDEE-91E6-4FC2-A9FB-9B27E65CF41A}.Release|Any CPU.ActiveCfg = Release|Any CPU
		{146FDDEE-91E6-4FC2-A9FB-9B27E65CF41A}.Release|Any CPU.Build.0 = Release|Any CPU
		{BBB5B566-D2D3-4B71-BDF1-5041E8130D4A}.Debug|Any CPU.ActiveCfg = Debug|Any CPU
		{BBB5B566-D2D3-4B71-BDF1-5041E8130D4A}.Debug|Any CPU.Build.0 = Debug|Any CPU
		{BBB5B566-D2D3-4B71-BDF1-5041E8130D4A}.Release|Any CPU.ActiveCfg = Release|Any CPU
		{BBB5B566-D2D3-4B71-BDF1-5041E8130D4A}.Release|Any CPU.Build.0 = Release|Any CPU
		{9141CE1D-0116-4599-A9AD-B6C5041D9A95}.Debug|Any CPU.ActiveCfg = Debug|Any CPU
		{9141CE1D-0116-4599-A9AD-B6C5041D9A95}.Debug|Any CPU.Build.0 = Debug|Any CPU
		{9141CE1D-0116-4599-A9AD-B6C5041D9A95}.Release|Any CPU.ActiveCfg = Release|Any CPU
		{9141CE1D-0116-4599-A9AD-B6C5041D9A95}.Release|Any CPU.Build.0 = Release|Any CPU
		{B2956ED3-6BA9-4C77-AB77-2FBC7FAFBAD3}.Debug|Any CPU.ActiveCfg = Debug|Any CPU
		{B2956ED3-6BA9-4C77-AB77-2FBC7FAFBAD3}.Debug|Any CPU.Build.0 = Debug|Any CPU
		{B2956ED3-6BA9-4C77-AB77-2FBC7FAFBAD3}.Release|Any CPU.ActiveCfg = Release|Any CPU
		{B2956ED3-6BA9-4C77-AB77-2FBC7FAFBAD3}.Release|Any CPU.Build.0 = Release|Any CPU
	EndGlobalSection
	GlobalSection(SolutionProperties) = preSolution
		HideSolutionNode = FALSE
	EndGlobalSection
	GlobalSection(NestedProjects) = preSolution
		{D95E6515-B556-4EDF-A6D5-4D6BF5086DD6} = {535F2574-0AAB-4F54-A051-00A9FD547F3B}
		{4E7B6085-E78E-4A1F-9ED7-B0B484597366} = {535F2574-0AAB-4F54-A051-00A9FD547F3B}
		{96C0A3DC-558A-4880-BE0A-69E9625E790A} = {535F2574-0AAB-4F54-A051-00A9FD547F3B}
		{42733DFD-A216-4EE2-9A99-46C943D1D627} = {535F2574-0AAB-4F54-A051-00A9FD547F3B}
		{243C06CB-8377-4349-B089-C22D8155919A} = {535F2574-0AAB-4F54-A051-00A9FD547F3B}
		{F1BD5C32-1AAC-46DC-B4A7-783CFEC10E56} = {535F2574-0AAB-4F54-A051-00A9FD547F3B}
		{BEBB9985-0871-4DF6-A9D5-BA976C281A29} = {535F2574-0AAB-4F54-A051-00A9FD547F3B}
		{BBB5B566-D2D3-4B71-BDF1-5041E8130D4A} = {BEBB9985-0871-4DF6-A9D5-BA976C281A29}
		{9141CE1D-0116-4599-A9AD-B6C5041D9A95} = {BEBB9985-0871-4DF6-A9D5-BA976C281A29}
		{B2956ED3-6BA9-4C77-AB77-2FBC7FAFBAD3} = {BEBB9985-0871-4DF6-A9D5-BA976C281A29}
	EndGlobalSection
	GlobalSection(ExtensibilityGlobals) = postSolution
		SolutionGuid = {E6B65054-DD4F-4478-99F4-DC0611725B78}
	EndGlobalSection
EndGlobal
